
Microsoft Visual Studio Solution File, Format Version 12.00
# Visual Studio 14
VisualStudioVersion = 14.0.25420.1
MinimumVisualStudioVersion = 10.0.40219.1
Project("{FAE04EC0-301F-11D3-BF4B-00C04F79EFBC}") = "ConsoleTest", "ConsoleTest\ConsoleTest.csproj", "{AE5DC145-B7E9-40D5-90AA-2A30B3168CC3}"
EndProject
Project("{FAE04EC0-301F-11D3-BF4B-00C04F79EFBC}") = "Avalara.AvaTax.RestClient.netstandard", "..\..\clients\dotnet\Avalara.AvaTax.RestClient.netstandard.csproj", "{917BDECA-BE80-4B2E-B69E-7F5E67AE84C3}"
EndProject
Global
	GlobalSection(SolutionConfigurationPlatforms) = preSolution
		Debug|Any CPU = Debug|Any CPU
		Release|Any CPU = Release|Any CPU
	EndGlobalSection
	GlobalSection(ProjectConfigurationPlatforms) = postSolution
		{AE5DC145-B7E9-40D5-90AA-2A30B3168CC3}.Debug|Any CPU.ActiveCfg = Debug|Any CPU
		{AE5DC145-B7E9-40D5-90AA-2A30B3168CC3}.Debug|Any CPU.Build.0 = Debug|Any CPU
		{AE5DC145-B7E9-40D5-90AA-2A30B3168CC3}.Release|Any CPU.ActiveCfg = Release|Any CPU
		{AE5DC145-B7E9-40D5-90AA-2A30B3168CC3}.Release|Any CPU.Build.0 = Release|Any CPU
		{917BDECA-BE80-4B2E-B69E-7F5E67AE84C3}.Debug|Any CPU.ActiveCfg = Debug|Any CPU
		{917BDECA-BE80-4B2E-B69E-7F5E67AE84C3}.Debug|Any CPU.Build.0 = Debug|Any CPU
		{917BDECA-BE80-4B2E-B69E-7F5E67AE84C3}.Release|Any CPU.ActiveCfg = Release|Any CPU
		{917BDECA-BE80-4B2E-B69E-7F5E67AE84C3}.Release|Any CPU.Build.0 = Release|Any CPU
	EndGlobalSection
	GlobalSection(SolutionProperties) = preSolution
		HideSolutionNode = FALSE
	EndGlobalSection
EndGlobal
